<Solution>
  <Project Path="SmartInventory.API/SmartInventory.API.csproj" />
  <Project Path="SmartInventory.Application/SmartInventory.Application.csproj" />
  <Project Path="SmartInventory.Domain/SmartInventory.Domain.csproj" />
  <Project Path="SmartInventory.Infrastructure/SmartInventory.Infrastructure.csproj" />
  <Project Path="SmartInventory.Tests/SmartInventory.Tests.csproj" Id="89ac07fb-cc92-4c99-84e2-5b94a804f1e4" />
</Solution>
